PODS:
  - GJTAdditionKit (0.0.9)
  - GJTControlsKit (0.0.8):
    - GJTAdditionKit
  - GJTGojitoMvvmKit (0.1.0):
    - GJTAdditionKit
    - GJTControlsKit
    - GJTMvvmKit
    - Masonry
  - GJTMvvmKit (0.0.6):
    - GJTAdditionKit
    - GJTControlsKit
    - Masonry
    - MJRefresh
    - ReactiveObjC
  - Masonry (1.1.0)
  - MJRefresh (3.5.0)
  - ReactiveObjC (3.1.1)

DEPENDENCIES:
  - GJTGojitoMvvmKit (from `../`)

SPEC REPOS:
  trunk:
    - GJTAdditionKit
    - GJTControlsKit
    - GJTMvvmKit
    - Masonry
    - MJRefresh
    - ReactiveObjC

EXTERNAL SOURCES:
  GJTGojitoMvvmKit:
    :path: "../"

SPEC CHECKSUMS:
  GJTAdditionKit: 0921c8a8124891fde5c9d5395f7f47216d28b42e
  GJTControlsKit: daf2dc8beec6fcb12a158c85b425af1a4512d4a1
  GJTGojitoMvvmKit: 07cb538db74131414b5895962626d2f60e650b17
  GJTMvvmKit: d0765a7a237aff02e8263581f1af14a461078699
  Masonry: 678fab65091a9290e40e2832a55e7ab731aad201
  MJRefresh: 6afc955813966afb08305477dd7a0d9ad5e79a16
  ReactiveObjC: 011caa393aa0383245f2dcf9bf02e86b80b36040

PODFILE CHECKSUM: 3aecb5c2ba678315eef56db4970e66f3506b8589

COCOAPODS: 1.10.1
